
Microsoft Visual Studio Solution File, Format Version 12.00
# Visual Studio Version 16
VisualStudioVersion = 16.0.31313.79
MinimumVisualStudioVersion = 10.0.40219.1
Project("{FAE04EC0-301F-11D3-BF4B-00C04F79EFBC}") = "KeeTalk", "KeeTalk\KeeTalk.csproj", "{66314B1F-2A7B-4CFB-AF34-7C5B2DAF4252}"
EndProject
Global
	GlobalSection(SolutionConfigurationPlatforms) = preSolution
		Debug|Any CPU = Debug|Any CPU
		Release|Any CPU = Release|Any CPU
	EndGlobalSection
	GlobalSection(ProjectConfigurationPlatforms) = postSolution
		{66314B1F-2A7B-4CFB-AF34-7C5B2DAF4252}.Debug|Any CPU.ActiveCfg = Debug|Any CPU
		{66314B1F-2A7B-4CFB-AF34-7C5B2DAF4252}.Debug|Any CPU.Build.0 = Debug|Any CPU
		{66314B1F-2A7B-4CFB-AF34-7C5B2DAF4252}.Release|Any CPU.ActiveCfg = Release|Any CPU
		{66314B1F-2A7B-4CFB-AF34-7C5B2DAF4252}.Release|Any CPU.Build.0 = Release|Any CPU
	EndGlobalSection
	GlobalSection(SolutionProperties) = preSolution
		HideSolutionNode = FALSE
	EndGlobalSection
	GlobalSection(ExtensibilityGlobals) = postSolution
		SolutionGuid = {127968C4-6BAD-46FE-AA97-7C1F3B178746}
	EndGlobalSection
EndGlobal
